<?xml version="1.0" encoding="utf-8"?>
<Project ToolsVersion="4.0" xmlns="http://schemas.microsoft.com/developer/msbuild/2003">
  <ItemGroup>
    <Filter Include="Engine">
      <UniqueIdentifier>{62600585-ff20-42c5-b9d1-3e2564f5a72f}</UniqueIdentifier>
    </Filter>
    <Filter Include="Scenes">
      <UniqueIdentifier>{ad5153e0-35c7-4377-b3b9-9cefd621e3ef}</UniqueIdentifier>
    </Filter>
    <Filter Include="Math">
      <UniqueIdentifier>{a20ef2ba-e4da-4b80-b5a7-6e00e59659aa}</UniqueIdentifier>
    </Filter>
    <Filter Include="Main">
      <UniqueIdentifier>{4FC737F1-C7A5-4376-A066-2A32D752A2FF}</UniqueIdentifier>
      <Extensions>cpp;c;cc;cxx;def;odl;idl;hpj;bat;asm;asmx</Extensions>
    </Filter>
    <Filter Include="ButtonFabric">
      <UniqueIdentifier>{0addd98d-c8f2-46e0-985a-ca99c22b6432}</UniqueIdentifier>
    </Filter>
    <Filter Include="Level">
      <UniqueIdentifier>{6036b0fc-8c35-445a-a886-7881dcae1280}</UniqueIdentifier>
    </Filter>
    <Filter Include="Object">
      <UniqueIdentifier>{347a5138-c4ea-4961-8399-37a86d30bfbe}</UniqueIdentifier>
    </Filter>
    <Filter Include="Object\Types">
      <UniqueIdentifier>{0edf12d7-acbb-4a5f-a333-b7ed5a940024}</UniqueIdentifier>
    </Filter>
    <Filter Include="Scenes\Types">
      <UniqueIdentifier>{38120e17-5a11-4755-8a3e-819545d814db}</UniqueIdentifier>
    </Filter>
    <Filter Include="Event">
      <UniqueIdentifier>{a1ea7858-55fb-4adc-9dbb-39ff31fe2d11}</UniqueIdentifier>
    </Filter>
    <Filter Include="Camera">
      <UniqueIdentifier>{e8624346-ba82-4c78-b857-a56e1a8d1848}</UniqueIdentifier>
    </Filter>
    <Filter Include="Saver">
      <UniqueIdentifier>{fb7d74e2-5fea-4f44-876d-483ce2bf2db1}</UniqueIdentifier>
    </Filter>
    <Filter Include="StartAnimation">
      <UniqueIdentifier>{4e45ad49-a48c-44c7-81a8-98dc75f2b6b7}</UniqueIdentifier>
    </Filter>
    <Filter Include="ResourceFilesContainer">
      <UniqueIdentifier>{81e7bbb7-00ff-4a2e-a05b-6c400c5a6a4c}</UniqueIdentifier>
    </Filter>
    <Filter Include="Exceptions">
      <UniqueIdentifier>{d462aa4c-c56e-4342-8ded-966f0897f4c4}</UniqueIdentifier>
    </Filter>
    <Filter Include="Creature">
      <UniqueIdentifier>{35108922-b22c-40fd-8f54-902a734d26d9}</UniqueIdentifier>
    </Filter>
    <Filter Include="TextureCollector">
      <UniqueIdentifier>{6999e0a9-95e1-45da-9541-2798cddb70ef}</UniqueIdentifier>
    </Filter>
    <Filter Include="Animator">
      <UniqueIdentifier>{7a4dd864-e1c3-42df-9de9-f15fb9bc32cb}</UniqueIdentifier>
    </Filter>
    <Filter Include="Timer">
      <UniqueIdentifier>{72932ea9-2f7a-4eab-ad07-c5e6ea0c693d}</UniqueIdentifier>
    </Filter>
    <Filter Include="Enemy">
      <UniqueIdentifier>{f15a4d08-2658-43ba-b0a6-391eba621c29}</UniqueIdentifier>
    </Filter>
    <Filter Include="Gun">
      <UniqueIdentifier>{11b2c532-f700-4084-a32c-8084534339cb}</UniqueIdentifier>
    </Filter>
  </ItemGroup>
  <ItemGroup>
    <ClCompile Include="main.cpp">
      <Filter>Main</Filter>
    </ClCompile>
  </ItemGroup>
  <ItemGroup>
    <ClInclude Include="engine.h">
      <Filter>Engine</Filter>
    </ClInclude>
    <ClInclude Include="pictureObject.h">
      <Filter>Object\Types</Filter>
    </ClInclude>
    <ClInclude Include="textObject.h">
      <Filter>Object\Types</Filter>
    </ClInclude>
    <ClInclude Include="vector2.h">
      <Filter>Math</Filter>
    </ClInclude>
    <ClInclude Include="buttonFabric.h">
      <Filter>ButtonFabric</Filter>
    </ClInclude>
    <ClInclude Include="level.h">
      <Filter>Level</Filter>
    </ClInclude>
    <ClInclude Include="movable.h">
      <Filter>Level</Filter>
    </ClInclude>
    <ClInclude Include="damagable.h">
      <Filter>Level</Filter>
    </ClInclude>
    <ClInclude Include="wall.h">
      <Filter>Level</Filter>
    </ClInclude>
    <ClInclude Include="levelDrawer.h">
      <Filter>Level</Filter>
    </ClInclude>
    <ClInclude Include="floorDrawer.h">
      <Filter>Level</Filter>
    </ClInclude>
    <ClInclude Include="object.h">
      <Filter>Object</Filter>
    </ClInclude>
    <ClInclude Include="mainMenuScene.h">
      <Filter>Scenes\Types</Filter>
    </ClInclude>
    <ClInclude Include="levelEditor.h">
      <Filter>Scenes\Types</Filter>
    </ClInclude>
    <ClInclude Include="scene.h">
      <Filter>Scenes</Filter>
    </ClInclude>
    <ClInclude Include="event.h">
      <Filter>Event</Filter>
    </ClInclude>
    <ClInclude Include="camera.h">
      <Filter>Camera</Filter>
    </ClInclude>
    <ClInclude Include="json.hpp">
      <Filter>Saver</Filter>
    </ClInclude>
    <ClInclude Include="classSaver.h">
      <Filter>Saver</Filter>
    </ClInclude>
    <ClInclude Include="animationBearingBall.h">
      <Filter>StartAnimation</Filter>
    </ClInclude>
    <ClInclude Include="resourceFileNaming.h">
      <Filter>ResourceFilesContainer</Filter>
    </ClInclude>
    <ClInclude Include="GameExceptions.h">
      <Filter>Exceptions</Filter>
    </ClInclude>
    <ClInclude Include="gameScene.h">
      <Filter>Scenes\Types</Filter>
    </ClInclude>
    <ClInclude Include="creature.h">
      <Filter>Creature</Filter>
    </ClInclude>
    <ClInclude Include="creatureDrawer.h">
      <Filter>Creature</Filter>
    </ClInclude>
    <ClInclude Include="textureCollector.h">
      <Filter>TextureCollector</Filter>
    </ClInclude>
    <ClInclude Include="creatureLevelBoxing.h">
      <Filter>Creature</Filter>
    </ClInclude>
    <ClInclude Include="animator.h">
      <Filter>Animator</Filter>
    </ClInclude>
    <ClInclude Include="timer.h">
      <Filter>Timer</Filter>
    </ClInclude>
    <ClInclude Include="enemy.h">
      <Filter>Enemy</Filter>
    </ClInclude>
    <ClInclude Include="enemyMover.h">
      <Filter>Enemy</Filter>
    </ClInclude>
    <ClInclude Include="LevelBitmap.h">
      <Filter>Level</Filter>
    </ClInclude>
    <ClInclude Include="VectorInt.h">
      <Filter>Math</Filter>
    </ClInclude>
    <ClInclude Include="bullet.h">
      <Filter>Gun</Filter>
    </ClInclude>
    <ClInclude Include="gun.h">
      <Filter>Gun</Filter>
    </ClInclude>
    <ClInclude Include="objectCollider.h">
      <Filter>Math</Filter>
    </ClInclude>
    <ClInclude Include="bulletDrawer.h">
      <Filter>Gun</Filter>
    </ClInclude>
    <ClInclude Include="bulletEnemyHitter.h">
      <Filter>Gun</Filter>
    </ClInclude>
  </ItemGroup>
</Project>